// !$*UTF8*$!
{
	archiveVersion = 1;
	classes = {
	};
	objectVersion = 46;
	objects = {

/* Begin PBXBuildFile section */
		81CC79E11C67179A004F42D1 /* AppDelegate.swift in Sources */ = {isa = PBXBuildFile; fileRef = 81CC79E01C67179A004F42D1 /* AppDelegate.swift */; };
		81CC79E31C67179A004F42D1 /* ViewController.swift in Sources */ = {isa = PBXBuildFile; fileRef = 81CC79E21C67179A004F42D1 /* ViewController.swift */; };
		81CC79E61C67179A004F42D1 /* Main.storyboard in Resources */ = {isa = PBXBuildFile; fileRef = 81CC79E41C67179A004F42D1 /* Main.storyboard */; };
		81CC79E81C67179A004F42D1 /* Assets.xcassets in Resources */ = {isa = PBXBuildFile; fileRef = 81CC79E71C67179A004F42D1 /* Assets.xcassets */; };
		81CC79EB1C67179A004F42D1 /* LaunchScreen.storyboard in Resources */ = {isa = PBXBuildFile; fileRef = 81CC79E91C67179A004F42D1 /* LaunchScreen.storyboard */; };
		81CC79F61C67179A004F42D1 /* DemoTests.swift in Sources */ = {isa = PBXBuildFile; fileRef = 81CC79F51C67179A004F42D1 /* DemoTests.swift */; };
		81CC7A011C67179A004F42D1 /* DemoUITests.swift in Sources */ = {isa = PBXBuildFile; fileRef = 81CC7A001C67179A004F42D1 /* DemoUITests.swift */; };
/* End PBXBuildFile section */

/* Begin PBXContainerItemProxy section */
		81CC79F21C67179A004F42D1 /* PBXContainerItemProxy */ = {
			isa = PBXContainerItemProxy;
			containerPortal = 81CC79D51C67179A004F42D1 /* Project object */;
			proxyType = 1;
			remoteGlobalIDString = 81CC79DC1C67179A004F42D1;
			remoteInfo = Demo;
		};
		81CC79FD1C67179A004F42D1 /* PBXContainerItemProxy */ = {
			isa = PBXContainerItemProxy;
			containerPortal = 81CC79D51C67179A004F42D1 /* Project object */;
			proxyType = 1;
			remoteGlobalIDString = 81CC79DC1C67179A004F42D1;
			remoteInfo = Demo;
		};
/* End PBXContainerItemProxy section */

/* Begin PBXFileReference section */
		81CC79DD1C67179A004F42D1 /* Demo.app */ = {isa = PBXFileReference; explicitFileType = wrapper.application; includeInIndex = 0; path = Demo.app; sourceTree = BUILT_PRODUCTS_DIR; };
		81CC79E01C67179A004F42D1 /* AppDelegate.swift */ = {isa = PBXFileReference; lastKnownFileType = sourcecode.swift; path = AppDelegate.swift; sourceTree = "<group>"; };
		81CC79E21C67179A004F42D1 /* ViewController.swift */ = {isa = PBXFileReference; lastKnownFileType = sourcecode.swift; path = ViewController.swift; sourceTree = "<group>"; };
		81CC79E51C67179A004F42D1 /* Base */ = {isa = PBXFileReference; lastKnownFileType = file.storyboard; name = Base; path = Base.lproj/Main.storyboard; sourceTree = "<group>"; };
		81CC79E71C67179A004F42D1 /* Assets.xcassets */ = {isa = PBXFileReference; lastKnownFileType = folder.assetcatalog; path = Assets.xcassets; sourceTree = "<group>"; };
		81CC79EA1C67179A004F42D1 /* Base */ = {isa = PBXFileReference; lastKnownFileType = file.storyboard; name = Base; path = Base.lproj/LaunchScreen.storyboard; sourceTree = "<group>"; };
		81CC79EC1C67179A004F42D1 /* Info.plist */ = {isa = PBXFileReference; lastKnownFileType = text.plist.xml; path = Info.plist; sourceTree = "<group>"; };
		81CC79F11C67179A004F42D1 /* DemoTests.xctest */ = {isa = PBXFileReference; explicitFileType = wrapper.cfbundle; includeInIndex = 0; path = DemoTests.xctest; sourceTree = BUILT_PRODUCTS_DIR; };
		81CC79F51C67179A004F42D1 /* DemoTests.swift */ = {isa = PBXFileReference; lastKnownFileType = sourcecode.swift; path = DemoTests.swift; sourceTree = "<group>"; };
		81CC79F71C67179A004F42D1 /* Info.plist */ = {isa = PBXFileReference; lastKnownFileType = text.plist.xml; path = Info.plist; sourceTree = "<group>"; };
		81CC79FC1C67179A004F42D1 /* DemoUITests.xctest */ = {isa = PBXFileReference; explicitFileType = wrapper.cfbundle; includeInIndex = 0; path = DemoUITests.xctest; sourceTree = BUILT_PRODUCTS_DIR; };
		81CC7A001C67179A004F42D1 /* DemoUITests.swift */ = {isa = PBXFileReference; lastKnownFileType = sourcecode.swift; path = DemoUITests.swift; sourceTree = "<group>"; };
		81CC7A021C67179A004F42D1 /* Info.plist */ = {isa = PBXFileReference; lastKnownFileType = text.plist.xml; path = Info.plist; sourceTree = "<group>"; };
/* End PBXFileReference section */

/* Begin PBXFrameworksBuildPhase section */
		81CC79DA1C67179A004F42D1 /* Frameworks */ = {
			isa = PBXFrameworksBuildPhase;
			buildActionMask = 2147483647;
			files = (
			);
			runOnlyForDeploymentPostprocessing = 0;
		};
		81CC79EE1C67179A004F42D1 /* Frameworks */ = {
			isa = PBXFrameworksBuildPhase;
			buildActionMask = 2147483647;
			files = (
			);
			runOnlyForDeploymentPostprocessing = 0;
		};
		81CC79F91C67179A004F42D1 /* Frameworks */ = {
			isa = PBXFrameworksBuildPhase;
			buildActionMask = 2147483647;
			files = (
			);
			runOnlyForDeploymentPostprocessing = 0;
		};
/* End PBXFrameworksBuildPhase section */

/* Begin PBXGroup section */
		81CC79D41C67179A004F42D1 = {
			isa = PBXGroup;
			children = (
				81CC79DF1C67179A004F42D1 /* Demo */,
				81CC79F41C67179A004F42D1 /* DemoTests */,
				81CC79FF1C67179A004F42D1 /* DemoUITests */,
				81CC79DE1C67179A004F42D1 /* Products */,
			);
			sourceTree = "<group>";
		};
		81CC79DE1C67179A004F42D1 /* Products */ = {
			isa = PBXGroup;
			children = (
				81CC79DD1C67179A004F42D1 /* Demo.app */,
				81CC79F11C67179A004F42D1 /* DemoTests.xctest */,
				81CC79FC1C67179A004F42D1 /* DemoUITests.xctest */,
			);
			name = Products;
			sourceTree = "<group>";
		};
		81CC79DF1C67179A004F42D1 /* Demo */ = {
			isa = PBXGroup;
			children = (
				81CC79E01C67179A004F42D1 /* AppDelegate.swift */,
				81CC79E21C67179A004F42D1 /* ViewController.swift */,
				81CC79E41C67179A004F42D1 /* Main.storyboard */,
				81CC79E71C67179A004F42D1 /* Assets.xcassets */,
				81CC79E91C67179A004F42D1 /* LaunchScreen.storyboard */,
				81CC79EC1C67179A004F42D1 /* Info.plist */,
			);
			path = Demo;
			sourceTree = "<group>";
		};
		81CC79F41C67179A004F42D1 /* DemoTests */ = {
			isa = PBXGroup;
			children = (
				81CC79F51C67179A004F42D1 /* DemoTests.swift */,
				81CC79F71C67179A004F42D1 /* Info.plist */,
			);
			path = DemoTests;
			sourceTree = "<group>";
		};
		81CC79FF1C67179A004F42D1 /* DemoUITests */ = {
			isa = PBXGroup;
			children = (
				81CC7A001C67179A004F42D1 /* DemoUITests.swift */,
				81CC7A021C67179A004F42D1 /* Info.plist */,
			);
			path = DemoUITests;
			sourceTree = "<group>";
		};
/* End PBXGroup section */

/* Begin PBXNativeTarget section */
		81CC79DC1C67179A004F42D1 /* Demo */ = {
			isa = PBXNativeTarget;
			buildConfigurationList = 81CC7A051C67179A004F42D1 /* Build configuration list for PBXNativeTarget "Demo" */;
			buildPhases = (
				81CC79D91C67179A004F42D1 /* Sources */,
				81CC79DA1C67179A004F42D1 /* Frameworks */,
				81CC79DB1C67179A004F42D1 /* Resources */,
			);
			buildRules = (
			);
			dependencies = (
			);
			name = Demo;
			productName = Demo;
			productReference = 81CC79DD1C67179A004F42D1 /* Demo.app */;
			productType = "com.apple.product-type.application";
		};
		81CC79F01C67179A004F42D1 /* DemoTests */ = {
			isa = PBXNativeTarget;
			buildConfigurationList = 81CC7A081C67179A004F42D1 /* Build configuration list for PBXNativeTarget "DemoTests" */;
			buildPhases = (
				81CC79ED1C67179A004F42D1 /* Sources */,
				81CC79EE1C67179A004F42D1 /* Frameworks */,
				81CC79EF1C67179A004F42D1 /* Resources */,
			);
			buildRules = (
			);
			dependencies = (
				81CC79F31C67179A004F42D1 /* PBXTargetDependency */,
			);
			name = DemoTests;
			productName = DemoTests;
			productReference = 81CC79F11C67179A004F42D1 /* DemoTests.xctest */;
			productType = "com.apple.product-type.bundle.unit-test";
		};
		81CC79FB1C67179A004F42D1 /* DemoUITests */ = {
			isa = PBXNativeTarget;
			buildConfigurationList = 81CC7A0B1C67179A004F42D1 /* Build configuration list for PBXNativeTarget "DemoUITests" */;
			buildPhases = (
				81CC79F81C67179A004F42D1 /* Sources */,
				81CC79F91C67179A004F42D1 /* Frameworks */,
				81CC79FA1C67179A004F42D1 /* Resources */,
			);
			buildRules = (
			);
			dependencies = (
				81CC79FE1C67179A004F42D1 /* PBXTargetDependency */,
			);
			name = DemoUITests;
			productName = DemoUITests;
			productReference = 81CC79FC1C67179A004F42D1 /* DemoUITests.xctest */;
			productType = "com.apple.product-type.bundle.ui-testing";
		};
/* End PBXNativeTarget section */

/* Begin PBXProject section */
		81CC79D51C67179A004F42D1 /* Project object */ = {
			isa = PBXProject;
			attributes = {
				LastSwiftUpdateCheck = 0720;
				LastUpgradeCheck = 0720;
				ORGANIZATIONNAME = Ned;
				TargetAttributes = {
					81CC79DC1C67179A004F42D1 = {
						CreatedOnToolsVersion = 7.2.1;
						DevelopmentTeam = X6V9345682;
					};
					81CC79F01C67179A004F42D1 = {
						CreatedOnToolsVersion = 7.2.1;
						DevelopmentTeam = X6V9345682;
						TestTargetID = 81CC79DC1C67179A004F42D1;
					};
					81CC79FB1C67179A004F42D1 = {
						CreatedOnToolsVersion = 7.2.1;
						DevelopmentTeam = X6V9345682;
						TestTargetID = 81CC79DC1C67179A004F42D1;
					};
				};
			};
			buildConfigurationList = 81CC79D81C67179A004F42D1 /* Build configuration list for PBXProject "Demo" */;
			compatibilityVersion = "Xcode 3.2";
			developmentRegion = English;
			hasScannedForEncodings = 0;
			knownRegions = (
				en,
				Base,
			);
			mainGroup = 81CC79D41C67179A004F42D1;
			productRefGroup = 81CC79DE1C67179A004F42D1 /* Products */;
			projectDirPath = "";
			projectRoot = "";
			targets = (
				81CC79DC1C67179A004F42D1 /* Demo */,
				81CC79F01C67179A004F42D1 /* DemoTests */,
				81CC79FB1C67179A004F42D1 /* DemoUITests */,
			);
		};
/* End PBXProject section */

/* Begin PBXResourcesBuildPhase section */
		81CC79DB1C67179A004F42D1 /* Resources */ = {
			isa = PBXResourcesBuildPhase;
			buildActionMask = 2147483647;
			files = (
				81CC79EB1C67179A004F42D1 /* LaunchScreen.storyboard in Resources */,
				81CC79E81C67179A004F42D1 /* Assets.xcassets in Resources */,
				81CC79E61C67179A004F42D1 /* Main.storyboard in Resources */,
			);
			runOnlyForDeploymentPostprocessing = 0;
		};
		81CC79EF1C67179A004F42D1 /* Resources */ = {
			isa = PBXResourcesBuildPhase;
			buildActionMask = 2147483647;
			files = (
			);
			runOnlyForDeploymentPostprocessing = 0;
		};
		81CC79FA1C67179A004F42D1 /* Resources */ = {
			isa = PBXResourcesBuildPhase;
			buildActionMask = 2147483647;
			files = (
			);
			runOnlyForDeploymentPostprocessing = 0;
		};
/* End PBXResourcesBuildPhase section */

/* Begin PBXSourcesBuildPhase section */
		81CC79D91C67179A004F42D1 /* Sources */ = {
			isa = PBXSourcesBuildPhase;
			buildActionMask = 2147483647;
			files = (
				81CC79E31C67179A004F42D1 /* ViewController.swift in Sources */,
				81CC79E11C67179A004F42D1 /* AppDelegate.swift in Sources */,
			);
			runOnlyForDeploymentPostprocessing = 0;
		};
		81CC79ED1C67179A004F42D1 /* Sources */ = {
			isa = PBXSourcesBuildPhase;
			buildActionMask = 2147483647;
			files = (
				81CC79F61C67179A004F42D1 /* DemoTests.swift in Sources */,
			);
			runOnlyForDeploymentPostprocessing = 0;
		};
		81CC79F81C67179A004F42D1 /* Sources */ = {
			isa = PBXSourcesBuildPhase;
			buildActionMask = 2147483647;
			files = (
				81CC7A011C67179A004F42D1 /* DemoUITests.swift in Sources */,
			);
			runOnlyForDeploymentPostprocessing = 0;
		};
/* End PBXSourcesBuildPhase section */

/* Begin PBXTargetDependency section */
		81CC79F31C67179A004F42D1 /* PBXTargetDependency */ = {
			isa = PBXTargetDependency;
			target = 81CC79DC1C67179A004F42D1 /* Demo */;
			targetProxy = 81CC79F21C67179A004F42D1 /* PBXContainerItemProxy */;
		};
		81CC79FE1C67179A004F42D1 /* PBXTargetDependency */ = {
			isa = PBXTargetDependency;
			target = 81CC79DC1C67179A004F42D1 /* Demo */;
			targetProxy = 81CC79FD1C67179A004F42D1 /* PBXContainerItemProxy */;
		};
/* End PBXTargetDependency section */

/* Begin PBXVariantGroup section */
		81CC79E41C67179A004F42D1 /* Main.storyboard */ = {
			isa = PBXVariantGroup;
			children = (
				81CC79E51C67179A004F42D1 /* Base */,
			);
			name = Main.storyboard;
			sourceTree = "<group>";
		};
		81CC79E91C67179A004F42D1 /* LaunchScreen.storyboard */ = {
			isa = PBXVariantGroup;
			children = (
				81CC79EA1C67179A004F42D1 /* Base */,
			);
			name = LaunchScreen.storyboard;
			sourceTree = "<group>";
		};
/* End PBXVariantGroup section */

/* Begin XCBuildConfiguration section */
		81CC7A031C67179A004F42D1 /* Debug */ = {
			isa = XCBuildConfiguration;
			buildSettings = {
				ALWAYS_SEARCH_USER_PATHS = NO;
				CLANG_CXX_LANGUAGE_STANDARD = "gnu++0x";
				CLANG_CXX_LIBRARY = "libc++";
				CLANG_ENABLE_MODULES = YES;
				CLANG_ENABLE_OBJC_ARC = YES;
				CLANG_WARN_BOOL_CONVERSION = YES;
				CLANG_WARN_CONSTANT_CONVERSION = YES;
				CLANG_WARN_DIRECT_OBJC_ISA_USAGE = YES_ERROR;
				CLANG_WARN_EMPTY_BODY = YES;
				CLANG_WARN_ENUM_CONVERSION = YES;
				CLANG_WARN_INT_CONVERSION = YES;
				CLANG_WARN_OBJC_ROOT_CLASS = YES_ERROR;
				CLANG_WARN_UNREACHABLE_CODE = YES;
				CLANG_WARN__DUPLICATE_METHOD_MATCH = YES;
				"CODE_SIGN_IDENTITY[sdk=iphoneos*]" = "iPhone Developer";
				COPY_PHASE_STRIP = NO;
				DEBUG_INFORMATION_FORMAT = dwarf;
				ENABLE_STRICT_OBJC_MSGSEND = YES;
				ENABLE_TESTABILITY = YES;
				GCC_C_LANGUAGE_STANDARD = gnu99;
				GCC_DYNAMIC_NO_PIC = NO;
				GCC_NO_COMMON_BLOCKS = YES;
				GCC_OPTIMIZATION_LEVEL = 0;
				GCC_PREPROCESSOR_DEFINITIONS = (
					"DEBUG=1",
					"$(inherited)",
				);
				GCC_WARN_64_TO_32_BIT_CONVERSION = YES;
				GCC_WARN_ABOUT_RETURN_TYPE = YES_ERROR;
				GCC_WARN_UNDECLARED_SELECTOR = YES;
				GCC_WARN_UNINITIALIZED_AUTOS = YES_AGGRESSIVE;
				GCC_WARN_UNUSED_FUNCTION = YES;
				GCC_WARN_UNUSED_VARIABLE = YES;
				IPHONEOS_DEPLOYMENT_TARGET = 9.2;
				MTL_ENABLE_DEBUG_INFO = YES;
				ONLY_ACTIVE_ARCH = YES;
				SDKROOT = iphoneos;
				SWIFT_OPTIMIZATION_LEVEL = "-Onone";
			};
			name = Debug;
		};
		81CC7A041C67179A004F42D1 /* Release */ = {
			isa = XCBuildConfiguration;
			buildSettings = {
				ALWAYS_SEARCH_USER_PATHS = NO;
				CLANG_CXX_LANGUAGE_STANDARD = "gnu++0x";
				CLANG_CXX_LIBRARY = "libc++";
				CLANG_ENABLE_MODULES = YES;
				CLANG_ENABLE_OBJC_ARC = YES;
				CLANG_WARN_BOOL_CONVERSION = YES;
				CLANG_WARN_CONSTANT_CONVERSION = YES;
				CLANG_WARN_DIRECT_OBJC_ISA_USAGE = YES_ERROR;
				CLANG_WARN_EMPTY_BODY = YES;
				CLANG_WARN_ENUM_CONVERSION = YES;
				CLANG_WARN_INT_CONVERSION = YES;
				CLANG_WARN_OBJC_ROOT_CLASS = YES_ERROR;
				CLANG_WARN_UNREACHABLE_CODE = YES;
				CLANG_WARN__DUPLICATE_METHOD_MATCH = YES;
				"CODE_SIGN_IDENTITY[sdk=iphoneos*]" = "iPhone Developer";
				COPY_PHASE_STRIP = NO;
				DEBUG_INFORMATION_FORMAT = "dwarf-with-dsym";
				ENABLE_NS_ASSERTIONS = NO;
				ENABLE_STRICT_OBJC_MSGSEND = YES;
				GCC_C_LANGUAGE_STANDARD = gnu99;
				GCC_NO_COMMON_BLOCKS = YES;
				GCC_WARN_64_TO_32_BIT_CONVERSION = YES;
				GCC_WARN_ABOUT_RETURN_TYPE = YES_ERROR;
				GCC_WARN_UNDECLARED_SELECTOR = YES;
				GCC_WARN_UNINITIALIZED_AUTOS = YES_AGGRESSIVE;
				GCC_WARN_UNUSED_FUNCTION = YES;
				GCC_WARN_UNUSED_VARIABLE = YES;
				IPHONEOS_DEPLOYMENT_TARGET = 9.2;
				MTL_ENABLE_DEBUG_INFO = NO;
				SDKROOT = iphoneos;
				VALIDATE_PRODUCT = YES;
			};
			name = Release;
		};
		81CC7A061C67179A004F42D1 /* Debug */ = {
			isa = XCBuildConfiguration;
			buildSettings = {
				ASSETCATALOG_COMPILER_APPICON_NAME = AppIcon;
				INFOPLIST_FILE = Demo/Info.plist;
				LD_RUNPATH_SEARCH_PATHS = "$(inherited) @executable_path/Frameworks";
				PRODUCT_BUNDLE_IDENTIFIER = com.ned.Demo;
				PRODUCT_NAME = "$(TARGET_NAME)";
			};
			name = Debug;
		};
		81CC7A071C67179A004F42D1 /* Release */ = {
			isa = XCBuildConfiguration;
			buildSettings = {
				ASSETCATALOG_COMPILER_APPICON_NAME = AppIcon;
				INFOPLIST_FILE = Demo/Info.plist;
				LD_RUNPATH_SEARCH_PATHS = "$(inherited) @executable_path/Frameworks";
				PRODUCT_BUNDLE_IDENTIFIER = com.ned.Demo;
				PRODUCT_NAME = "$(TARGET_NAME)";
			};
			name = Release;
		};
		81CC7A091C67179A004F42D1 /* Debug */ = {
			isa = XCBuildConfiguration;
			buildSettings = {
				BUNDLE_LOADER = "$(TEST_HOST)";
				INFOPLIST_FILE = DemoTests/Info.plist;
				LD_RUNPATH_SEARCH_PATHS = "$(inherited) @executable_path/Frameworks @loader_path/Frameworks";
				PRODUCT_BUNDLE_IDENTIFIER = com.ned.DemoTests;
				PRODUCT_NAME = "$(TARGET_NAME)";
				TEST_HOST = "$(BUILT_PRODUCTS_DIR)/Demo.app/Demo";
			};
			name = Debug;
		};
		81CC7A0A1C67179A004F42D1 /* Release */ = {
			isa = XCBuildConfiguration;
			buildSettings = {
				BUNDLE_LOADER = "$(TEST_HOST)";
				INFOPLIST_FILE = DemoTests/Info.plist;
				LD_RUNPATH_SEARCH_PATHS = "$(inherited) @executable_path/Frameworks @loader_path/Frameworks";
				PRODUCT_BUNDLE_IDENTIFIER = com.ned.DemoTests;
				PRODUCT_NAME = "$(TARGET_NAME)";
				TEST_HOST = "$(BUILT_PRODUCTS_DIR)/Demo.app/Demo";
			};
			name = Release;
		};
		81CC7A0C1C67179A004F42D1 /* Debug */ = {
			isa = XCBuildConfiguration;
			buildSettings = {
				INFOPLIST_FILE = DemoUITests/Info.plist;
				LD_RUNPATH_SEARCH_PATHS = "$(inherited) @executable_path/Frameworks @loader_path/Frameworks";
				PRODUCT_BUNDLE_IDENTIFIER = com.ned.DemoUITests;
				PRODUCT_NAME = "$(TARGET_NAME)";
				TEST_TARGET_NAME = Demo;
				USES_XCTRUNNER = YES;
			};
			name = Debug;
		};
		81CC7A0D1C67179A004F42D1 /* Release */ = {
			isa = XCBuildConfiguration;
			buildSettings = {
				INFOPLIST_FILE = DemoUITests/Info.plist;
				LD_RUNPATH_SEARCH_PATHS = "$(inherited) @executable_path/Frameworks @loader_path/Frameworks";
				PRODUCT_BUNDLE_IDENTIFIER = com.ned.DemoUITests;
				PRODUCT_NAME = "$(TARGET_NAME)";
				TEST_TARGET_NAME = Demo;
				USES_XCTRUNNER = YES;
			};
			name = Release;
		};
/* End XCBuildConfiguration section */

/* Begin XCConfigurationList section */
		81CC79D81C67179A004F42D1 /* Build configuration list for PBXProject "Demo" */ = {
			isa = XCConfigurationList;
			buildConfigurations = (
				81CC7A031C67179A004F42D1 /* Debug */,
				81CC7A041C67179A004F42D1 /* Release */,
			);
			defaultConfigurationIsVisible = 0;
			defaultConfigurationName = Release;
		};
		81CC7A051C67179A004F42D1 /* Build configuration list for PBXNativeTarget "Demo" */ = {
			isa = XCConfigurationList;
			buildConfigurations = (
				81CC7A061C67179A004F42D1 /* Debug */,
				81CC7A071C67179A004F42D1 /* Release */,
			);
			defaultConfigurationIsVisible = 0;
		};
		81CC7A081C67179A004F42D1 /* Build configuration list for PBXNativeTarget "DemoTests" */ = {
			isa = XCConfigurationList;
			buildConfigurations = (
				81CC7A091C67179A004F42D1 /* Debug */,
				81CC7A0A1C67179A004F42D1 /* Release */,
			);
			defaultConfigurationIsVisible = 0;
		};
		81CC7A0B1C67179A004F42D1 /* Build configuration list for PBXNativeTarget "DemoUITests" */ = {
			isa = XCConfigurationList;
			buildConfigurations = (
				81CC7A0C1C67179A004F42D1 /* Debug */,
				81CC7A0D1C67179A004F42D1 /* Release */,
			);
			defaultConfigurationIsVisible = 0;
		};
/* End XCConfigurationList section */
	};
	rootObject = 81CC79D51C67179A004F42D1 /* Project object */;
}
